{
  "name": "src",
  "version": "1.0.0",
  "lockfileVersion": 2,
  "requires": true,
  "packages": {
    "": {
      "name": "src",
      "version": "1.0.0",
      "license": "ISC",
      "dependencies": {
        "javascript-color-gradient": "^2.3.4"
      }
    },
    "node_modules/javascript-color-gradient": {
      "version": "2.3.4",
      "resolved": "https://registry.npmjs.org/javascript-color-gradient/-/javascript-color-gradient-2.3.4.tgz",
      "integrity": "sha512-OgJldGVhTXLN8/ryIKggwJDxS8rsCJK53Cj5ufNI7HcxzMQo22C5Xz9TYExdtpAWfoGUvdjOtcVaiC8tF70ezg=="
    }
  },
  "dependencies": {
    "javascript-color-gradient": {
      "version": "2.3.4",
      "resolved": "https://registry.npmjs.org/javascript-color-gradient/-/javascript-color-gradient-2.3.4.tgz",
      "integrity": "sha512-OgJldGVhTXLN8/ryIKggwJDxS8rsCJK53Cj5ufNI7HcxzMQo22C5Xz9TYExdtpAWfoGUvdjOtcVaiC8tF70ezg=="
    }
  }
}
